github.com/andreburgaud/crypt2go v1.2.0 h1:oly/ENAodeqTYpUafgd4r3v+VKLQnmOKUyfpj+TxHbE=
github.com/andreburgaud/crypt2go v1.2.0/go.mod h1:kKRqlrX/3Q9Ki7HdUsoh0cX1Urq14/Hcta4l4VrIXrI=
github.com/jstemmer/go-junit-report v1.0.0 h1:8X1gzZpR+nVQLAht+L/foqOeX2l9DTZoaIPbEQHxsds=
github.com/jstemmer/go-junit-report v1.0.0/go.mod h1:Brl9GWCQeLvo8nXZwPNNblvFj/XSXhF0NWZEnDohbsk=
golang.org/x/net v0.11.0 h1:Gi2tvZIJyBtO9SDr1q9h5hEQCp/4L2RQ+ar0qjx2oNU=
golang.org/x/net v0.11.0/go.mod h1:2L/ixqYpgIVXmeoSA/4Lu7BzTG4KIyPIryS4IsOd1oQ=
